
Microsoft Visual Studio Solution File, Format Version 12.00
# Visual Studio Version 17
VisualStudioVersion = 17.11.35431.28
MinimumVisualStudioVersion = 10.0.40219.1
Project("{FAE04EC0-301F-11D3-BF4B-00C04F79EFBC}") = "Quiz pratice", "Quiz pratice\Quiz pratice.csproj", "{09506CE3-2A99-4038-A26C-C34D40D592A1}"
EndProject
Global
	GlobalSection(SolutionConfigurationPlatforms) = preSolution
		Debug|Any CPU = Debug|Any CPU
		Release|Any CPU = Release|Any CPU
	EndGlobalSection
	GlobalSection(ProjectConfigurationPlatforms) = postSolution
		{09506CE3-2A99-4038-A26C-C34D40D592A1}.Debug|Any CPU.ActiveCfg = Debug|Any CPU
		{09506CE3-2A99-4038-A26C-C34D40D592A1}.Debug|Any CPU.Build.0 = Debug|Any CPU
		{09506CE3-2A99-4038-A26C-C34D40D592A1}.Release|Any CPU.ActiveCfg = Release|Any CPU
		{09506CE3-2A99-4038-A26C-C34D40D592A1}.Release|Any CPU.Build.0 = Release|Any CPU
	EndGlobalSection
	GlobalSection(SolutionProperties) = preSolution
		HideSolutionNode = FALSE
	EndGlobalSection
	GlobalSection(ExtensibilityGlobals) = postSolution
		SolutionGuid = {7E2087BB-6D44-4630-B6F5-EB20A910F401}
	EndGlobalSection
EndGlobal
